
Microsoft Visual Studio Solution File, Format Version 12.00
# Visual Studio 14
VisualStudioVersion = 14.0.25123.0
MinimumVisualStudioVersion = 10.0.40219.1
Project("{FAE04EC0-301F-11D3-BF4B-00C04F79EFBC}") = "WindowsFormsApplication3", "WindowsFormsApplication3\WindowsFormsApplication3.csproj", "{A34D1EBB-B533-4D80-9236-357E9396ABFA}"
EndProject
Global
	GlobalSection(SolutionConfigurationPlatforms) = preSolution
		Debug|Any CPU = Debug|Any CPU
		Release|Any CPU = Release|Any CPU
	EndGlobalSection
	GlobalSection(ProjectConfigurationPlatforms) = postSolution
		{A34D1EBB-B533-4D80-9236-357E9396ABFA}.Debug|Any CPU.ActiveCfg = Debug|Any CPU
		{A34D1EBB-B533-4D80-9236-357E9396ABFA}.Debug|Any CPU.Build.0 = Debug|Any CPU
		{A34D1EBB-B533-4D80-9236-357E9396ABFA}.Release|Any CPU.ActiveCfg = Release|Any CPU
		{A34D1EBB-B533-4D80-9236-357E9396ABFA}.Release|Any CPU.Build.0 = Release|Any CPU
	EndGlobalSection
	GlobalSection(SolutionProperties) = preSolution
		HideSolutionNode = FALSE
	EndGlobalSection
EndGlobal
